
Microsoft Visual Studio Solution File, Format Version 12.00
# Visual Studio 15
VisualStudioVersion = 15.0.28307.329
MinimumVisualStudioVersion = 10.0.40219.1
Project("{FAE04EC0-301F-11D3-BF4B-00C04F79EFBC}") = "XFSampleApp.Android", "XFSampleApp\XFSampleApp.Android\XFSampleApp.Android.csproj", "{13792D0A-CCF4-40E3-B7C9-F78BAA450886}"
EndProject
Project("{FAE04EC0-301F-11D3-BF4B-00C04F79EFBC}") = "XFSampleApp.iOS", "XFSampleApp\XFSampleApp.iOS\XFSampleApp.iOS.csproj", "{A9AEA39C-9819-4B03-B9AE-9C38A8DAD44A}"
EndProject
Project("{FAE04EC0-301F-11D3-BF4B-00C04F79EFBC}") = "XFSampleApp", "XFSampleApp\XFSampleApp\XFSampleApp.csproj", "{5EEAB107-16B7-4D38-BCF8-37C896D62D88}"
EndProject
Global
	GlobalSection(SolutionConfigurationPlatforms) = preSolution
		Ad-Hoc|Any CPU = Ad-Hoc|Any CPU
		Ad-Hoc|iPhone = Ad-Hoc|iPhone
		Ad-Hoc|iPhoneSimulator = Ad-Hoc|iPhoneSimulator
		AppStore|Any CPU = AppStore|Any CPU
		AppStore|iPhone = AppStore|iPhone
		AppStore|iPhoneSimulator = AppStore|iPhoneSimulator
		Debug|Any CPU = Debug|Any CPU
		Debug|iPhone = Debug|iPhone
		Debug|iPhoneSimulator = Debug|iPhoneSimulator
		Release|Any CPU = Release|Any CPU
		Release|iPhone = Release|iPhone
		Release|iPhoneSimulator = Release|iPhoneSimulator
	EndGlobalSection
	GlobalSection(ProjectConfigurationPlatforms) = postSolution
		{13792D0A-CCF4-40E3-B7C9-F78BAA450886}.Ad-Hoc|Any CPU.ActiveCfg = Release|Any CPU
		{13792D0A-CCF4-40E3-B7C9-F78BAA450886}.Ad-Hoc|Any CPU.Build.0 = Release|Any CPU
		{13792D0A-CCF4-40E3-B7C9-F78BAA450886}.Ad-Hoc|Any CPU.Deploy.0 = Release|Any CPU
		{13792D0A-CCF4-40E3-B7C9-F78BAA450886}.Ad-Hoc|iPhone.ActiveCfg = Release|Any CPU
		{13792D0A-CCF4-40E3-B7C9-F78BAA450886}.Ad-Hoc|iPhone.Build.0 = Release|Any CPU
		{13792D0A-CCF4-40E3-B7C9-F78BAA450886}.Ad-Hoc|iPhone.Deploy.0 = Release|Any CPU
		{13792D0A-CCF4-40E3-B7C9-F78BAA450886}.Ad-Hoc|iPhoneSimulator.ActiveCfg = Release|Any CPU
		{13792D0A-CCF4-40E3-B7C9-F78BAA450886}.Ad-Hoc|iPhoneSimulator.Build.0 = Release|Any CPU
		{13792D0A-CCF4-40E3-B7C9-F78BAA450886}.Ad-Hoc|iPhoneSimulator.Deploy.0 = Release|Any CPU
		{13792D0A-CCF4-40E3-B7C9-F78BAA450886}.AppStore|Any CPU.ActiveCfg = Release|Any CPU
		{13792D0A-CCF4-40E3-B7C9-F78BAA450886}.AppStore|Any CPU.Build.0 = Release|Any CPU
		{13792D0A-CCF4-40E3-B7C9-F78BAA450886}.AppStore|Any CPU.Deploy.0 = Release|Any CPU
		{13792D0A-CCF4-40E3-B7C9-F78BAA450886}.AppStore|iPhone.ActiveCfg = Release|Any CPU
		{13792D0A-CCF4-40E3-B7C9-F78BAA450886}.AppStore|iPhone.Build.0 = Release|Any CPU
		{13792D0A-CCF4-40E3-B7C9-F78BAA450886}.AppStore|iPhone.Deploy.0 = Release|Any CPU
		{13792D0A-CCF4-40E3-B7C9-F78BAA450886}.AppStore|iPhoneSimulator.ActiveCfg = Release|Any CPU
		{13792D0A-CCF4-40E3-B7C9-F78BAA450886}.AppStore|iPhoneSimulator.Build.0 = Release|Any CPU
		{13792D0A-CCF4-40E3-B7C9-F78BAA450886}.AppStore|iPhoneSimulator.Deploy.0 = Release|Any CPU
		{13792D0A-CCF4-40E3-B7C9-F78BAA450886}.Debug|Any CPU.ActiveCfg = Debug|Any CPU
		{13792D0A-CCF4-40E3-B7C9-F78BAA450886}.Debug|Any CPU.Build.0 = Debug|Any CPU
		{13792D0A-CCF4-40E3-B7C9-F78BAA450886}.Debug|Any CPU.Deploy.0 = Debug|Any CPU
		{13792D0A-CCF4-40E3-B7C9-F78BAA450886}.Debug|iPhone.ActiveCfg = Debug|Any CPU
		{13792D0A-CCF4-40E3-B7C9-F78BAA450886}.Debug|iPhone.Build.0 = Debug|Any CPU
		{13792D0A-CCF4-40E3-B7C9-F78BAA450886}.Debug|iPhone.Deploy.0 = Debug|Any CPU
		{13792D0A-CCF4-40E3-B7C9-F78BAA450886}.Debug|iPhoneSimulator.ActiveCfg = Debug|Any CPU
		{13792D0A-CCF4-40E3-B7C9-F78BAA450886}.Debug|iPhoneSimulator.Build.0 = Debug|Any CPU
		{13792D0A-CCF4-40E3-B7C9-F78BAA450886}.Debug|iPhoneSimulator.Deploy.0 = Debug|Any CPU
		{13792D0A-CCF4-40E3-B7C9-F78BAA450886}.Release|Any CPU.ActiveCfg = Release|Any CPU
		{13792D0A-CCF4-40E3-B7C9-F78BAA450886}.Release|Any CPU.Build.0 = Release|Any CPU
		{13792D0A-CCF4-40E3-B7C9-F78BAA450886}.Release|Any CPU.Deploy.0 = Release|Any CPU
		{13792D0A-CCF4-40E3-B7C9-F78BAA450886}.Release|iPhone.ActiveCfg = Release|Any CPU
		{13792D0A-CCF4-40E3-B7C9-F78BAA450886}.Release|iPhone.Build.0 = Release|Any CPU
		{13792D0A-CCF4-40E3-B7C9-F78BAA450886}.Release|iPhone.Deploy.0 = Release|Any CPU
		{13792D0A-CCF4-40E3-B7C9-F78BAA450886}.Release|iPhoneSimulator.ActiveCfg = Release|Any CPU
		{13792D0A-CCF4-40E3-B7C9-F78BAA450886}.Release|iPhoneSimulator.Build.0 = Release|Any CPU
		{13792D0A-CCF4-40E3-B7C9-F78BAA450886}.Release|iPhoneSimulator.Deploy.0 = Release|Any CPU
		{A9AEA39C-9819-4B03-B9AE-9C38A8DAD44A}.Ad-Hoc|Any CPU.ActiveCfg = Ad-Hoc|iPhone
		{A9AEA39C-9819-4B03-B9AE-9C38A8DAD44A}.Ad-Hoc|Any CPU.Build.0 = Ad-Hoc|iPhone
		{A9AEA39C-9819-4B03-B9AE-9C38A8DAD44A}.Ad-Hoc|Any CPU.Deploy.0 = Ad-Hoc|iPhone
		{A9AEA39C-9819-4B03-B9AE-9C38A8DAD44A}.Ad-Hoc|iPhone.ActiveCfg = Ad-Hoc|iPhone
		{A9AEA39C-9819-4B03-B9AE-9C38A8DAD44A}.Ad-Hoc|iPhone.Build.0 = Ad-Hoc|iPhone
		{A9AEA39C-9819-4B03-B9AE-9C38A8DAD44A}.Ad-Hoc|iPhone.Deploy.0 = Ad-Hoc|iPhone
		{A9AEA39C-9819-4B03-B9AE-9C38A8DAD44A}.Ad-Hoc|iPhoneSimulator.ActiveCfg = Ad-Hoc|iPhoneSimulator
		{A9AEA39C-9819-4B03-B9AE-9C38A8DAD44A}.Ad-Hoc|iPhoneSimulator.Build.0 = Ad-Hoc|iPhoneSimulator
		{A9AEA39C-9819-4B03-B9AE-9C38A8DAD44A}.Ad-Hoc|iPhoneSimulator.Deploy.0 = Ad-Hoc|iPhoneSimulator
		{A9AEA39C-9819-4B03-B9AE-9C38A8DAD44A}.AppStore|Any CPU.ActiveCfg = AppStore|iPhone
		{A9AEA39C-9819-4B03-B9AE-9C38A8DAD44A}.AppStore|Any CPU.Build.0 = AppStore|iPhone
		{A9AEA39C-9819-4B03-B9AE-9C38A8DAD44A}.AppStore|Any CPU.Deploy.0 = AppStore|iPhone
		{A9AEA39C-9819-4B03-B9AE-9C38A8DAD44A}.AppStore|iPhone.ActiveCfg = AppStore|iPhone
		{A9AEA39C-9819-4B03-B9AE-9C38A8DAD44A}.AppStore|iPhone.Build.0 = AppStore|iPhone
		{A9AEA39C-9819-4B03-B9AE-9C38A8DAD44A}.AppStore|iPhone.Deploy.0 = AppStore|iPhone
		{A9AEA39C-9819-4B03-B9AE-9C38A8DAD44A}.AppStore|iPhoneSimulator.ActiveCfg = AppStore|iPhoneSimulator
		{A9AEA39C-9819-4B03-B9AE-9C38A8DAD44A}.AppStore|iPhoneSimulator.Build.0 = AppStore|iPhoneSimulator
		{A9AEA39C-9819-4B03-B9AE-9C38A8DAD44A}.AppStore|iPhoneSimulator.Deploy.0 = AppStore|iPhoneSimulator
		{A9AEA39C-9819-4B03-B9AE-9C38A8DAD44A}.Debug|Any CPU.ActiveCfg = Debug|iPhoneSimulator
		{A9AEA39C-9819-4B03-B9AE-9C38A8DAD44A}.Debug|Any CPU.Build.0 = Debug|iPhoneSimulator
		{A9AEA39C-9819-4B03-B9AE-9C38A8DAD44A}.Debug|Any CPU.Deploy.0 = Debug|iPhoneSimulator
		{A9AEA39C-9819-4B03-B9AE-9C38A8DAD44A}.Debug|iPhone.ActiveCfg = Debug|iPhone
		{A9AEA39C-9819-4B03-B9AE-9C38A8DAD44A}.Debug|iPhone.Build.0 = Debug|iPhone
		{A9AEA39C-9819-4B03-B9AE-9C38A8DAD44A}.Debug|iPhone.Deploy.0 = Debug|iPhone
		{A9AEA39C-9819-4B03-B9AE-9C38A8DAD44A}.Debug|iPhoneSimulator.ActiveCfg = Debug|iPhoneSimulator
		{A9AEA39C-9819-4B03-B9AE-9C38A8DAD44A}.Debug|iPhoneSimulator.Build.0 = Debug|iPhoneSimulator
		{A9AEA39C-9819-4B03-B9AE-9C38A8DAD44A}.Debug|iPhoneSimulator.Deploy.0 = Debug|iPhoneSimulator
		{A9AEA39C-9819-4B03-B9AE-9C38A8DAD44A}.Release|Any CPU.ActiveCfg = Release|iPhone
		{A9AEA39C-9819-4B03-B9AE-9C38A8DAD44A}.Release|Any CPU.Build.0 = Release|iPhone
		{A9AEA39C-9819-4B03-B9AE-9C38A8DAD44A}.Release|Any CPU.Deploy.0 = Release|iPhone
		{A9AEA39C-9819-4B03-B9AE-9C38A8DAD44A}.Release|iPhone.ActiveCfg = Release|iPhone
		{A9AEA39C-9819-4B03-B9AE-9C38A8DAD44A}.Release|iPhone.Build.0 = Release|iPhone
		{A9AEA39C-9819-4B03-B9AE-9C38A8DAD44A}.Release|iPhone.Deploy.0 = Release|iPhone
		{A9AEA39C-9819-4B03-B9AE-9C38A8DAD44A}.Release|iPhoneSimulator.ActiveCfg = Release|iPhoneSimulator
		{A9AEA39C-9819-4B03-B9AE-9C38A8DAD44A}.Release|iPhoneSimulator.Build.0 = Release|iPhoneSimulator
		{A9AEA39C-9819-4B03-B9AE-9C38A8DAD44A}.Release|iPhoneSimulator.Deploy.0 = Release|iPhoneSimulator
		{5EEAB107-16B7-4D38-BCF8-37C896D62D88}.Ad-Hoc|Any CPU.ActiveCfg = Debug|Any CPU
		{5EEAB107-16B7-4D38-BCF8-37C896D62D88}.Ad-Hoc|Any CPU.Build.0 = Debug|Any CPU
		{5EEAB107-16B7-4D38-BCF8-37C896D62D88}.Ad-Hoc|Any CPU.Deploy.0 = Debug|Any CPU
		{5EEAB107-16B7-4D38-BCF8-37C896D62D88}.Ad-Hoc|iPhone.ActiveCfg = Debug|Any CPU
		{5EEAB107-16B7-4D38-BCF8-37C896D62D88}.Ad-Hoc|iPhone.Build.0 = Debug|Any CPU
		{5EEAB107-16B7-4D38-BCF8-37C896D62D88}.Ad-Hoc|iPhone.Deploy.0 = Debug|Any CPU
		{5EEAB107-16B7-4D38-BCF8-37C896D62D88}.Ad-Hoc|iPhoneSimulator.ActiveCfg = Debug|Any CPU
		{5EEAB107-16B7-4D38-BCF8-37C896D62D88}.Ad-Hoc|iPhoneSimulator.Build.0 = Debug|Any CPU
		{5EEAB107-16B7-4D38-BCF8-37C896D62D88}.Ad-Hoc|iPhoneSimulator.Deploy.0 = Debug|Any CPU
		{5EEAB107-16B7-4D38-BCF8-37C896D62D88}.AppStore|Any CPU.ActiveCfg = Debug|Any CPU
		{5EEAB107-16B7-4D38-BCF8-37C896D62D88}.AppStore|Any CPU.Build.0 = Debug|Any CPU
		{5EEAB107-16B7-4D38-BCF8-37C896D62D88}.AppStore|Any CPU.Deploy.0 = Debug|Any CPU
		{5EEAB107-16B7-4D38-BCF8-37C896D62D88}.AppStore|iPhone.ActiveCfg = Debug|Any CPU
		{5EEAB107-16B7-4D38-BCF8-37C896D62D88}.AppStore|iPhone.Build.0 = Debug|Any CPU
		{5EEAB107-16B7-4D38-BCF8-37C896D62D88}.AppStore|iPhone.Deploy.0 = Debug|Any CPU
		{5EEAB107-16B7-4D38-BCF8-37C896D62D88}.AppStore|iPhoneSimulator.ActiveCfg = Debug|Any CPU
		{5EEAB107-16B7-4D38-BCF8-37C896D62D88}.AppStore|iPhoneSimulator.Build.0 = Debug|Any CPU
		{5EEAB107-16B7-4D38-BCF8-37C896D62D88}.AppStore|iPhoneSimulator.Deploy.0 = Debug|Any CPU
		{5EEAB107-16B7-4D38-BCF8-37C896D62D88}.Debug|Any CPU.ActiveCfg = Debug|Any CPU
		{5EEAB107-16B7-4D38-BCF8-37C896D62D88}.Debug|Any CPU.Build.0 = Debug|Any CPU
		{5EEAB107-16B7-4D38-BCF8-37C896D62D88}.Debug|Any CPU.Deploy.0 = Debug|Any CPU
		{5EEAB107-16B7-4D38-BCF8-37C896D62D88}.Debug|iPhone.ActiveCfg = Debug|Any CPU
		{5EEAB107-16B7-4D38-BCF8-37C896D62D88}.Debug|iPhone.Build.0 = Debug|Any CPU
		{5EEAB107-16B7-4D38-BCF8-37C896D62D88}.Debug|iPhone.Deploy.0 = Debug|Any CPU
		{5EEAB107-16B7-4D38-BCF8-37C896D62D88}.Debug|iPhoneSimulator.ActiveCfg = Debug|Any CPU
		{5EEAB107-16B7-4D38-BCF8-37C896D62D88}.Debug|iPhoneSimulator.Build.0 = Debug|Any CPU
		{5EEAB107-16B7-4D38-BCF8-37C896D62D88}.Debug|iPhoneSimulator.Deploy.0 = Debug|Any CPU
		{5EEAB107-16B7-4D38-BCF8-37C896D62D88}.Release|Any CPU.ActiveCfg = Release|Any CPU
		{5EEAB107-16B7-4D38-BCF8-37C896D62D88}.Release|Any CPU.Build.0 = Release|Any CPU
		{5EEAB107-16B7-4D38-BCF8-37C896D62D88}.Release|Any CPU.Deploy.0 = Release|Any CPU
		{5EEAB107-16B7-4D38-BCF8-37C896D62D88}.Release|iPhone.ActiveCfg = Release|Any CPU
		{5EEAB107-16B7-4D38-BCF8-37C896D62D88}.Release|iPhone.Build.0 = Release|Any CPU
		{5EEAB107-16B7-4D38-BCF8-37C896D62D88}.Release|iPhone.Deploy.0 = Release|Any CPU
		{5EEAB107-16B7-4D38-BCF8-37C896D62D88}.Release|iPhoneSimulator.ActiveCfg = Release|Any CPU
		{5EEAB107-16B7-4D38-BCF8-37C896D62D88}.Release|iPhoneSimulator.Build.0 = Release|Any CPU
		{5EEAB107-16B7-4D38-BCF8-37C896D62D88}.Release|iPhoneSimulator.Deploy.0 = Release|Any CPU
	EndGlobalSection
	GlobalSection(SolutionProperties) = preSolution
		HideSolutionNode = FALSE
	EndGlobalSection
	GlobalSection(ExtensibilityGlobals) = postSolution
		SolutionGuid = {39CE7F0C-4116-44BB-8EB2-382E139635E3}
	EndGlobalSection
EndGlobal
